
Microsoft Visual Studio Solution File, Format Version 12.00
# Visual Studio Version 17
VisualStudioVersion = 17.5.33516.290
MinimumVisualStudioVersion = 10.0.40219.1
Project("{FAE04EC0-301F-11D3-BF4B-00C04F79EFBC}") = "resp", "resp.csproj", "{29FB3C5B-6A22-400E-BF54-1D09335D3BCC}"
EndProject
Global
	GlobalSection(SolutionConfigurationPlatforms) = preSolution
		Debug|Any CPU = Debug|Any CPU
		Release|Any CPU = Release|Any CPU
	EndGlobalSection
	GlobalSection(ProjectConfigurationPlatforms) = postSolution
		{29FB3C5B-6A22-400E-BF54-1D09335D3BCC}.Debug|Any CPU.ActiveCfg = Debug|Any CPU
		{29FB3C5B-6A22-400E-BF54-1D09335D3BCC}.Debug|Any CPU.Build.0 = Debug|Any CPU
		{29FB3C5B-6A22-400E-BF54-1D09335D3BCC}.Release|Any CPU.ActiveCfg = Release|Any CPU
		{29FB3C5B-6A22-400E-BF54-1D09335D3BCC}.Release|Any CPU.Build.0 = Release|Any CPU
	EndGlobalSection
	GlobalSection(SolutionProperties) = preSolution
		HideSolutionNode = FALSE
	EndGlobalSection
	GlobalSection(ExtensibilityGlobals) = postSolution
		SolutionGuid = {5E3D8621-CCBF-42DC-AFC2-481473987932}
	EndGlobalSection
EndGlobal
